
Microsoft Visual Studio Solution File, Format Version 12.00
# Visual Studio Version 17
VisualStudioVersion = 17.10.35004.147
MinimumVisualStudioVersion = 10.0.40219.1
Project("{FAE04EC0-301F-11D3-BF4B-00C04F79EFBC}") = "CodingChallenges", "CodingChallenges\CodingChallenges.csproj", "{6C073239-959B-4CAA-AE1E-5582E9A21101}"
EndProject
Global
	GlobalSection(SolutionConfigurationPlatforms) = preSolution
		Debug|Any CPU = Debug|Any CPU
		Release|Any CPU = Release|Any CPU
	EndGlobalSection
	GlobalSection(ProjectConfigurationPlatforms) = postSolution
		{6C073239-959B-4CAA-AE1E-5582E9A21101}.Debug|Any CPU.ActiveCfg = Debug|Any CPU
		{6C073239-959B-4CAA-AE1E-5582E9A21101}.Debug|Any CPU.Build.0 = Debug|Any CPU
		{6C073239-959B-4CAA-AE1E-5582E9A21101}.Release|Any CPU.ActiveCfg = Release|Any CPU
		{6C073239-959B-4CAA-AE1E-5582E9A21101}.Release|Any CPU.Build.0 = Release|Any CPU
	EndGlobalSection
	GlobalSection(SolutionProperties) = preSolution
		HideSolutionNode = FALSE
	EndGlobalSection
	GlobalSection(ExtensibilityGlobals) = postSolution
		SolutionGuid = {258552EC-EC2D-4689-9D7B-1798B58678C3}
	EndGlobalSection
EndGlobal
